
Microsoft Visual Studio Solution File, Format Version 12.00
# Visual Studio Version 17
VisualStudioVersion = 17.9.34607.119
MinimumVisualStudioVersion = 10.0.40219.1
Project("{FAE04EC0-301F-11D3-BF4B-00C04F79EFBC}") = "HopfieldNumberRecognition", "HopfieldNumberRecognition.csproj", "{D47043F1-4EDF-45E9-83B8-625EBB78F127}"
EndProject
Global
	GlobalSection(SolutionConfigurationPlatforms) = preSolution
		Debug|Any CPU = Debug|Any CPU
		Release|Any CPU = Release|Any CPU
	EndGlobalSection
	GlobalSection(ProjectConfigurationPlatforms) = postSolution
		{D47043F1-4EDF-45E9-83B8-625EBB78F127}.Debug|Any CPU.ActiveCfg = Debug|Any CPU
		{D47043F1-4EDF-45E9-83B8-625EBB78F127}.Debug|Any CPU.Build.0 = Debug|Any CPU
		{D47043F1-4EDF-45E9-83B8-625EBB78F127}.Release|Any CPU.ActiveCfg = Release|Any CPU
		{D47043F1-4EDF-45E9-83B8-625EBB78F127}.Release|Any CPU.Build.0 = Release|Any CPU
	EndGlobalSection
	GlobalSection(SolutionProperties) = preSolution
		HideSolutionNode = FALSE
	EndGlobalSection
	GlobalSection(ExtensibilityGlobals) = postSolution
		SolutionGuid = {B769792B-4336-4409-87C2-6B128D8826D9}
	EndGlobalSection
EndGlobal
